
Microsoft Visual Studio Solution File, Format Version 12.00
# Visual Studio Version 16
VisualStudioVersion = 16.0.29905.134
MinimumVisualStudioVersion = 10.0.40219.1
Project("{9A19103F-16F7-4668-BE54-9A1E7A4F7556}") = "TokenService", "TokenService\TokenService.csproj", "{DE7653B6-59EC-4BEB-A9E2-3CCC69BA492B}"
EndProject
Project("{9A19103F-16F7-4668-BE54-9A1E7A4F7556}") = "Domain", "Domain\Domain.csproj", "{DD8B5393-54F0-41B6-BCB5-C65A4B27F8C4}"
EndProject
Project("{9A19103F-16F7-4668-BE54-9A1E7A4F7556}") = "Application", "Application\Application.csproj", "{0DD19296-4414-4CC1-8BEC-F2819E86D442}"
EndProject
Project("{9A19103F-16F7-4668-BE54-9A1E7A4F7556}") = "Infrastructure", "Infrastructure\Infrastructure.csproj", "{38CCD04B-AA09-4D10-B4B4-807DD12DFC60}"
EndProject
Project("{FAE04EC0-301F-11D3-BF4B-00C04F79EFBC}") = "UnitTestApplication", "UnitTestApplication\UnitTestApplication.csproj", "{750FAC37-1DF0-44AA-907C-641A8864AE7C}"
EndProject
Global
	GlobalSection(SolutionConfigurationPlatforms) = preSolution
		Debug|Any CPU = Debug|Any CPU
		Release|Any CPU = Release|Any CPU
	EndGlobalSection
	GlobalSection(ProjectConfigurationPlatforms) = postSolution
		{DE7653B6-59EC-4BEB-A9E2-3CCC69BA492B}.Debug|Any CPU.ActiveCfg = Debug|Any CPU
		{DE7653B6-59EC-4BEB-A9E2-3CCC69BA492B}.Debug|Any CPU.Build.0 = Debug|Any CPU
		{DE7653B6-59EC-4BEB-A9E2-3CCC69BA492B}.Release|Any CPU.ActiveCfg = Release|Any CPU
		{DE7653B6-59EC-4BEB-A9E2-3CCC69BA492B}.Release|Any CPU.Build.0 = Release|Any CPU
		{DD8B5393-54F0-41B6-BCB5-C65A4B27F8C4}.Debug|Any CPU.ActiveCfg = Debug|Any CPU
		{DD8B5393-54F0-41B6-BCB5-C65A4B27F8C4}.Debug|Any CPU.Build.0 = Debug|Any CPU
		{DD8B5393-54F0-41B6-BCB5-C65A4B27F8C4}.Release|Any CPU.ActiveCfg = Release|Any CPU
		{DD8B5393-54F0-41B6-BCB5-C65A4B27F8C4}.Release|Any CPU.Build.0 = Release|Any CPU
		{0DD19296-4414-4CC1-8BEC-F2819E86D442}.Debug|Any CPU.ActiveCfg = Debug|Any CPU
		{0DD19296-4414-4CC1-8BEC-F2819E86D442}.Debug|Any CPU.Build.0 = Debug|Any CPU
		{0DD19296-4414-4CC1-8BEC-F2819E86D442}.Release|Any CPU.ActiveCfg = Release|Any CPU
		{0DD19296-4414-4CC1-8BEC-F2819E86D442}.Release|Any CPU.Build.0 = Release|Any CPU
		{38CCD04B-AA09-4D10-B4B4-807DD12DFC60}.Debug|Any CPU.ActiveCfg = Debug|Any CPU
		{38CCD04B-AA09-4D10-B4B4-807DD12DFC60}.Debug|Any CPU.Build.0 = Debug|Any CPU
		{38CCD04B-AA09-4D10-B4B4-807DD12DFC60}.Release|Any CPU.ActiveCfg = Release|Any CPU
		{38CCD04B-AA09-4D10-B4B4-807DD12DFC60}.Release|Any CPU.Build.0 = Release|Any CPU
		{750FAC37-1DF0-44AA-907C-641A8864AE7C}.Debug|Any CPU.ActiveCfg = Debug|Any CPU
		{750FAC37-1DF0-44AA-907C-641A8864AE7C}.Debug|Any CPU.Build.0 = Debug|Any CPU
		{750FAC37-1DF0-44AA-907C-641A8864AE7C}.Release|Any CPU.ActiveCfg = Release|Any CPU
		{750FAC37-1DF0-44AA-907C-641A8864AE7C}.Release|Any CPU.Build.0 = Release|Any CPU
	EndGlobalSection
	GlobalSection(SolutionProperties) = preSolution
		HideSolutionNode = FALSE
	EndGlobalSection
	GlobalSection(ExtensibilityGlobals) = postSolution
		SolutionGuid = {6DF121D2-5D4F-40E2-9A6B-20BA6B996AA2}
	EndGlobalSection
EndGlobal
